// !$*UTF8*$!
{
	archiveVersion = 1;
	classes = {
	};
	objectVersion = 50;
	objects = {

/* Begin PBXBuildFile section */
		637E953E24738747003A3B11 /* AppDelegate.m in Sources */ = {isa = PBXBuildFile; fileRef = 637E953D24738747003A3B11 /* AppDelegate.m */; };
		637E954124738747003A3B11 /* SceneDelegate.m in Sources */ = {isa = PBXBuildFile; fileRef = 637E954024738747003A3B11 /* SceneDelegate.m */; };
		637E954424738747003A3B11 /* ASHCollectionViewController.m in Sources */ = {isa = PBXBuildFile; fileRef = 637E954324738747003A3B11 /* ASHCollectionViewController.m */; };
		637E954724738747003A3B11 /* Main.storyboard in Resources */ = {isa = PBXBuildFile; fileRef = 637E954524738747003A3B11 /* Main.storyboard */; };
		637E954924738749003A3B11 /* Assets.xcassets in Resources */ = {isa = PBXBuildFile; fileRef = 637E954824738749003A3B11 /* Assets.xcassets */; };
		637E954C24738749003A3B11 /* LaunchScreen.storyboard in Resources */ = {isa = PBXBuildFile; fileRef = 637E954A24738749003A3B11 /* LaunchScreen.storyboard */; };
		637E954F24738749003A3B11 /* main.m in Sources */ = {isa = PBXBuildFile; fileRef = 637E954E24738749003A3B11 /* main.m */; };
		637E955724738B6D003A3B11 /* ASHSpringyCollectionViewFlowLayout.m in Sources */ = {isa = PBXBuildFile; fileRef = 637E955624738B6D003A3B11 /* ASHSpringyCollectionViewFlowLayout.m */; };
/* End PBXBuildFile section */

/* Begin PBXFileReference section */
		637E953924738747003A3B11 /* DynamicAnimator.app */ = {isa = PBXFileReference; explicitFileType = wrapper.application; includeInIndex = 0; path = DynamicAnimator.app; sourceTree = BUILT_PRODUCTS_DIR; };
		637E953C24738747003A3B11 /* AppDelegate.h */ = {isa = PBXFileReference; lastKnownFileType = sourcecode.c.h; path = AppDelegate.h; sourceTree = "<group>"; };
		637E953D24738747003A3B11 /* AppDelegate.m */ = {isa = PBXFileReference; lastKnownFileType = sourcecode.c.objc; path = AppDelegate.m; sourceTree = "<group>"; };
		637E953F24738747003A3B11 /* SceneDelegate.h */ = {isa = PBXFileReference; lastKnownFileType = sourcecode.c.h; path = SceneDelegate.h; sourceTree = "<group>"; };
		637E954024738747003A3B11 /* SceneDelegate.m */ = {isa = PBXFileReference; lastKnownFileType = sourcecode.c.objc; path = SceneDelegate.m; sourceTree = "<group>"; };
		637E954224738747003A3B11 /* ASHCollectionViewController.h */ = {isa = PBXFileReference; lastKnownFileType = sourcecode.c.h; path = ASHCollectionViewController.h; sourceTree = "<group>"; };
		637E954324738747003A3B11 /* ASHCollectionViewController.m */ = {isa = PBXFileReference; lastKnownFileType = sourcecode.c.objc; path = ASHCollectionViewController.m; sourceTree = "<group>"; };
		637E954624738747003A3B11 /* Base */ = {isa = PBXFileReference; lastKnownFileType = file.storyboard; name = Base; path = Base.lproj/Main.storyboard; sourceTree = "<group>"; };
		637E954824738749003A3B11 /* Assets.xcassets */ = {isa = PBXFileReference; lastKnownFileType = folder.assetcatalog; path = Assets.xcassets; sourceTree = "<group>"; };
		637E954B24738749003A3B11 /* Base */ = {isa = PBXFileReference; lastKnownFileType = file.storyboard; name = Base; path = Base.lproj/LaunchScreen.storyboard; sourceTree = "<group>"; };
		637E954D24738749003A3B11 /* Info.plist */ = {isa = PBXFileReference; lastKnownFileType = text.plist.xml; path = Info.plist; sourceTree = "<group>"; };
		637E954E24738749003A3B11 /* main.m */ = {isa = PBXFileReference; lastKnownFileType = sourcecode.c.objc; path = main.m; sourceTree = "<group>"; };
		637E955524738B6D003A3B11 /* ASHSpringyCollectionViewFlowLayout.h */ = {isa = PBXFileReference; lastKnownFileType = sourcecode.c.h; path = ASHSpringyCollectionViewFlowLayout.h; sourceTree = "<group>"; };
		637E955624738B6D003A3B11 /* ASHSpringyCollectionViewFlowLayout.m */ = {isa = PBXFileReference; lastKnownFileType = sourcecode.c.objc; path = ASHSpringyCollectionViewFlowLayout.m; sourceTree = "<group>"; };
/* End PBXFileReference section */

/* Begin PBXFrameworksBuildPhase section */
		637E953624738747003A3B11 /* Frameworks */ = {
			isa = PBXFrameworksBuildPhase;
			buildActionMask = 2147483647;
			files = (
			);
			runOnlyForDeploymentPostprocessing = 0;
		};
/* End PBXFrameworksBuildPhase section */

/* Begin PBXGroup section */
		637E953024738747003A3B11 = {
			isa = PBXGroup;
			children = (
				637E953B24738747003A3B11 /* DynamicAnimator */,
				637E953A24738747003A3B11 /* Products */,
			);
			sourceTree = "<group>";
		};
		637E953A24738747003A3B11 /* Products */ = {
			isa = PBXGroup;
			children = (
				637E953924738747003A3B11 /* DynamicAnimator.app */,
			);
			name = Products;
			sourceTree = "<group>";
		};
		637E953B24738747003A3B11 /* DynamicAnimator */ = {
			isa = PBXGroup;
			children = (
				637E953C24738747003A3B11 /* AppDelegate.h */,
				637E953D24738747003A3B11 /* AppDelegate.m */,
				637E953F24738747003A3B11 /* SceneDelegate.h */,
				637E954024738747003A3B11 /* SceneDelegate.m */,
				637E954224738747003A3B11 /* ASHCollectionViewController.h */,
				637E954324738747003A3B11 /* ASHCollectionViewController.m */,
				637E955524738B6D003A3B11 /* ASHSpringyCollectionViewFlowLayout.h */,
				637E955624738B6D003A3B11 /* ASHSpringyCollectionViewFlowLayout.m */,
				637E954524738747003A3B11 /* Main.storyboard */,
				637E954824738749003A3B11 /* Assets.xcassets */,
				637E954A24738749003A3B11 /* LaunchScreen.storyboard */,
				637E954D24738749003A3B11 /* Info.plist */,
				637E954E24738749003A3B11 /* main.m */,
			);
			path = DynamicAnimator;
			sourceTree = "<group>";
		};
/* End PBXGroup section */

/* Begin PBXNativeTarget section */
		637E953824738747003A3B11 /* DynamicAnimator */ = {
			isa = PBXNativeTarget;
			buildConfigurationList = 637E955224738749003A3B11 /* Build configuration list for PBXNativeTarget "DynamicAnimator" */;
			buildPhases = (
				637E953524738747003A3B11 /* Sources */,
				637E953624738747003A3B11 /* Frameworks */,
				637E953724738747003A3B11 /* Resources */,
			);
			buildRules = (
			);
			dependencies = (
			);
			name = DynamicAnimator;
			productName = DynamicAnimator;
			productReference = 637E953924738747003A3B11 /* DynamicAnimator.app */;
			productType = "com.apple.product-type.application";
		};
/* End PBXNativeTarget section */

/* Begin PBXProject section */
		637E953124738747003A3B11 /* Project object */ = {
			isa = PBXProject;
			attributes = {
				LastUpgradeCheck = 1140;
				ORGANIZATIONNAME = cn.com.kuwo;
				TargetAttributes = {
					637E953824738747003A3B11 = {
						CreatedOnToolsVersion = 11.4.1;
					};
				};
			};
			buildConfigurationList = 637E953424738747003A3B11 /* Build configuration list for PBXProject "DynamicAnimator" */;
			compatibilityVersion = "Xcode 9.3";
			developmentRegion = en;
			hasScannedForEncodings = 0;
			knownRegions = (
				en,
				Base,
			);
			mainGroup = 637E953024738747003A3B11;
			productRefGroup = 637E953A24738747003A3B11 /* Products */;
			projectDirPath = "";
			projectRoot = "";
			targets = (
				637E953824738747003A3B11 /* DynamicAnimator */,
			);
		};
/* End PBXProject section */

/* Begin PBXResourcesBuildPhase section */
		637E953724738747003A3B11 /* Resources */ = {
			isa = PBXResourcesBuildPhase;
			buildActionMask = 2147483647;
			files = (
				637E954C24738749003A3B11 /* LaunchScreen.storyboard in Resources */,
				637E954924738749003A3B11 /* Assets.xcassets in Resources */,
				637E954724738747003A3B11 /* Main.storyboard in Resources */,
			);
			runOnlyForDeploymentPostprocessing = 0;
		};
/* End PBXResourcesBuildPhase section */

/* Begin PBXSourcesBuildPhase section */
		637E953524738747003A3B11 /* Sources */ = {
			isa = PBXSourcesBuildPhase;
			buildActionMask = 2147483647;
			files = (
				637E955724738B6D003A3B11 /* ASHSpringyCollectionViewFlowLayout.m in Sources */,
				637E954424738747003A3B11 /* ASHCollectionViewController.m in Sources */,
				637E953E24738747003A3B11 /* AppDelegate.m in Sources */,
				637E954F24738749003A3B11 /* main.m in Sources */,
				637E954124738747003A3B11 /* SceneDelegate.m in Sources */,
			);
			runOnlyForDeploymentPostprocessing = 0;
		};
/* End PBXSourcesBuildPhase section */

/* Begin PBXVariantGroup section */
		637E954524738747003A3B11 /* Main.storyboard */ = {
			isa = PBXVariantGroup;
			children = (
				637E954624738747003A3B11 /* Base */,
			);
			name = Main.storyboard;
			sourceTree = "<group>";
		};
		637E954A24738749003A3B11 /* LaunchScreen.storyboard */ = {
			isa = PBXVariantGroup;
			children = (
				637E954B24738749003A3B11 /* Base */,
			);
			name = LaunchScreen.storyboard;
			sourceTree = "<group>";
		};
/* End PBXVariantGroup section */

/* Begin XCBuildConfiguration section */
		637E955024738749003A3B11 /* Debug */ = {
			isa = XCBuildConfiguration;
			buildSettings = {
				ALWAYS_SEARCH_USER_PATHS = NO;
				CLANG_ANALYZER_NONNULL = YES;
				CLANG_ANALYZER_NUMBER_OBJECT_CONVERSION = YES_AGGRESSIVE;
				CLANG_CXX_LANGUAGE_STANDARD = "gnu++14";
				CLANG_CXX_LIBRARY = "libc++";
				CLANG_ENABLE_MODULES = YES;
				CLANG_ENABLE_OBJC_ARC = YES;
				CLANG_ENABLE_OBJC_WEAK = YES;
				CLANG_WARN_BLOCK_CAPTURE_AUTORELEASING = YES;
				CLANG_WARN_BOOL_CONVERSION = YES;
				CLANG_WARN_COMMA = YES;
				CLANG_WARN_CONSTANT_CONVERSION = YES;
				CLANG_WARN_DEPRECATED_OBJC_IMPLEMENTATIONS = YES;
				CLANG_WARN_DIRECT_OBJC_ISA_USAGE = YES_ERROR;
				CLANG_WARN_DOCUMENTATION_COMMENTS = YES;
				CLANG_WARN_EMPTY_BODY = YES;
				CLANG_WARN_ENUM_CONVERSION = YES;
				CLANG_WARN_INFINITE_RECURSION = YES;
				CLANG_WARN_INT_CONVERSION = YES;
				CLANG_WARN_NON_LITERAL_NULL_CONVERSION = YES;
				CLANG_WARN_OBJC_IMPLICIT_RETAIN_SELF = YES;
				CLANG_WARN_OBJC_LITERAL_CONVERSION = YES;
				CLANG_WARN_OBJC_ROOT_CLASS = YES_ERROR;
				CLANG_WARN_RANGE_LOOP_ANALYSIS = YES;
				CLANG_WARN_STRICT_PROTOTYPES = YES;
				CLANG_WARN_SUSPICIOUS_MOVE = YES;
				CLANG_WARN_UNGUARDED_AVAILABILITY = YES_AGGRESSIVE;
				CLANG_WARN_UNREACHABLE_CODE = YES;
				CLANG_WARN__DUPLICATE_METHOD_MATCH = YES;
				COPY_PHASE_STRIP = NO;
				DEBUG_INFORMATION_FORMAT = dwarf;
				ENABLE_STRICT_OBJC_MSGSEND = YES;
				ENABLE_TESTABILITY = YES;
				GCC_C_LANGUAGE_STANDARD = gnu11;
				GCC_DYNAMIC_NO_PIC = NO;
				GCC_NO_COMMON_BLOCKS = YES;
				GCC_OPTIMIZATION_LEVEL = 0;
				GCC_PREPROCESSOR_DEFINITIONS = (
					"DEBUG=1",
					"$(inherited)",
				);
				GCC_WARN_64_TO_32_BIT_CONVERSION = YES;
				GCC_WARN_ABOUT_RETURN_TYPE = YES_ERROR;
				GCC_WARN_UNDECLARED_SELECTOR = YES;
				GCC_WARN_UNINITIALIZED_AUTOS = YES_AGGRESSIVE;
				GCC_WARN_UNUSED_FUNCTION = YES;
				GCC_WARN_UNUSED_VARIABLE = YES;
				IPHONEOS_DEPLOYMENT_TARGET = 13.4;
				MTL_ENABLE_DEBUG_INFO = INCLUDE_SOURCE;
				MTL_FAST_MATH = YES;
				ONLY_ACTIVE_ARCH = YES;
				SDKROOT = iphoneos;
			};
			name = Debug;
		};
		637E955124738749003A3B11 /* Release */ = {
			isa = XCBuildConfiguration;
			buildSettings = {
				ALWAYS_SEARCH_USER_PATHS = NO;
				CLANG_ANALYZER_NONNULL = YES;
				CLANG_ANALYZER_NUMBER_OBJECT_CONVERSION = YES_AGGRESSIVE;
				CLANG_CXX_LANGUAGE_STANDARD = "gnu++14";
				CLANG_CXX_LIBRARY = "libc++";
				CLANG_ENABLE_MODULES = YES;
				CLANG_ENABLE_OBJC_ARC = YES;
				CLANG_ENABLE_OBJC_WEAK = YES;
				CLANG_WARN_BLOCK_CAPTURE_AUTORELEASING = YES;
				CLANG_WARN_BOOL_CONVERSION = YES;
				CLANG_WARN_COMMA = YES;
				CLANG_WARN_CONSTANT_CONVERSION = YES;
				CLANG_WARN_DEPRECATED_OBJC_IMPLEMENTATIONS = YES;
				CLANG_WARN_DIRECT_OBJC_ISA_USAGE = YES_ERROR;
				CLANG_WARN_DOCUMENTATION_COMMENTS = YES;
				CLANG_WARN_EMPTY_BODY = YES;
				CLANG_WARN_ENUM_CONVERSION = YES;
				CLANG_WARN_INFINITE_RECURSION = YES;
				CLANG_WARN_INT_CONVERSION = YES;
				CLANG_WARN_NON_LITERAL_NULL_CONVERSION = YES;
				CLANG_WARN_OBJC_IMPLICIT_RETAIN_SELF = YES;
				CLANG_WARN_OBJC_LITERAL_CONVERSION = YES;
				CLANG_WARN_OBJC_ROOT_CLASS = YES_ERROR;
				CLANG_WARN_RANGE_LOOP_ANALYSIS = YES;
				CLANG_WARN_STRICT_PROTOTYPES = YES;
				CLANG_WARN_SUSPICIOUS_MOVE = YES;
				CLANG_WARN_UNGUARDED_AVAILABILITY = YES_AGGRESSIVE;
				CLANG_WARN_UNREACHABLE_CODE = YES;
				CLANG_WARN__DUPLICATE_METHOD_MATCH = YES;
				COPY_PHASE_STRIP = NO;
				DEBUG_INFORMATION_FORMAT = "dwarf-with-dsym";
				ENABLE_NS_ASSERTIONS = NO;
				ENABLE_STRICT_OBJC_MSGSEND = YES;
				GCC_C_LANGUAGE_STANDARD = gnu11;
				GCC_NO_COMMON_BLOCKS = YES;
				GCC_WARN_64_TO_32_BIT_CONVERSION = YES;
				GCC_WARN_ABOUT_RETURN_TYPE = YES_ERROR;
				GCC_WARN_UNDECLARED_SELECTOR = YES;
				GCC_WARN_UNINITIALIZED_AUTOS = YES_AGGRESSIVE;
				GCC_WARN_UNUSED_FUNCTION = YES;
				GCC_WARN_UNUSED_VARIABLE = YES;
				IPHONEOS_DEPLOYMENT_TARGET = 13.4;
				MTL_ENABLE_DEBUG_INFO = NO;
				MTL_FAST_MATH = YES;
				SDKROOT = iphoneos;
				VALIDATE_PRODUCT = YES;
			};
			name = Release;
		};
		637E955324738749003A3B11 /* Debug */ = {
			isa = XCBuildConfiguration;
			buildSettings = {
				ASSETCATALOG_COMPILER_APPICON_NAME = AppIcon;
				CODE_SIGN_STYLE = Automatic;
				DEVELOPMENT_TEAM = Z86DT6Z4G7;
				INFOPLIST_FILE = DynamicAnimator/Info.plist;
				IPHONEOS_DEPLOYMENT_TARGET = 8.0;
				LD_RUNPATH_SEARCH_PATHS = (
					"$(inherited)",
					"@executable_path/Frameworks",
				);
				PRODUCT_BUNDLE_IDENTIFIER = com.test.DynamicAnimator;
				PRODUCT_NAME = "$(TARGET_NAME)";
				TARGETED_DEVICE_FAMILY = 1;
			};
			name = Debug;
		};
		637E955424738749003A3B11 /* Release */ = {
			isa = XCBuildConfiguration;
			buildSettings = {
				ASSETCATALOG_COMPILER_APPICON_NAME = AppIcon;
				CODE_SIGN_STYLE = Automatic;
				DEVELOPMENT_TEAM = Z86DT6Z4G7;
				INFOPLIST_FILE = DynamicAnimator/Info.plist;
				IPHONEOS_DEPLOYMENT_TARGET = 8.0;
				LD_RUNPATH_SEARCH_PATHS = (
					"$(inherited)",
					"@executable_path/Frameworks",
				);
				PRODUCT_BUNDLE_IDENTIFIER = com.test.DynamicAnimator;
				PRODUCT_NAME = "$(TARGET_NAME)";
				TARGETED_DEVICE_FAMILY = 1;
			};
			name = Release;
		};
/* End XCBuildConfiguration section */

/* Begin XCConfigurationList section */
		637E953424738747003A3B11 /* Build configuration list for PBXProject "DynamicAnimator" */ = {
			isa = XCConfigurationList;
			buildConfigurations = (
				637E955024738749003A3B11 /* Debug */,
				637E955124738749003A3B11 /* Release */,
			);
			defaultConfigurationIsVisible = 0;
			defaultConfigurationName = Release;
		};
		637E955224738749003A3B11 /* Build configuration list for PBXNativeTarget "DynamicAnimator" */ = {
			isa = XCConfigurationList;
			buildConfigurations = (
				637E955324738749003A3B11 /* Debug */,
				637E955424738749003A3B11 /* Release */,
			);
			defaultConfigurationIsVisible = 0;
			defaultConfigurationName = Release;
		};
/* End XCConfigurationList section */
	};
	rootObject = 637E953124738747003A3B11 /* Project object */;
}
