// !$*UTF8*$!
{
	archiveVersion = 1;
	classes = {
	};
	objectVersion = 50;
	objects = {

/* Begin PBXBuildFile section */
		636C404124330D4E00A050A5 /* AFCollectionHeaderView.m in Sources */ = {isa = PBXBuildFile; fileRef = 636C404024330D4E00A050A5 /* AFCollectionHeaderView.m */; };
		63CAD8F22430DE2100B07803 /* AppDelegate.m in Sources */ = {isa = PBXBuildFile; fileRef = 63CAD8F12430DE2100B07803 /* AppDelegate.m */; };
		63CAD8F52430DE2100B07803 /* SceneDelegate.m in Sources */ = {isa = PBXBuildFile; fileRef = 63CAD8F42430DE2100B07803 /* SceneDelegate.m */; };
		63CAD8FB2430DE2100B07803 /* Main.storyboard in Resources */ = {isa = PBXBuildFile; fileRef = 63CAD8F92430DE2100B07803 /* Main.storyboard */; };
		63CAD8FD2430DE2300B07803 /* Assets.xcassets in Resources */ = {isa = PBXBuildFile; fileRef = 63CAD8FC2430DE2300B07803 /* Assets.xcassets */; };
		63CAD9002430DE2300B07803 /* LaunchScreen.storyboard in Resources */ = {isa = PBXBuildFile; fileRef = 63CAD8FE2430DE2300B07803 /* LaunchScreen.storyboard */; };
		63CAD9032430DE2300B07803 /* main.m in Sources */ = {isa = PBXBuildFile; fileRef = 63CAD9022430DE2300B07803 /* main.m */; };
		63CAD90D2430DE2300B07803 /* ContextualizingContentTests.m in Sources */ = {isa = PBXBuildFile; fileRef = 63CAD90C2430DE2300B07803 /* ContextualizingContentTests.m */; };
		63CAD9192430DFC600B07803 /* AFCollectionViewController.m in Sources */ = {isa = PBXBuildFile; fileRef = 63CAD9182430DFC600B07803 /* AFCollectionViewController.m */; };
		63CAD91C2430E66800B07803 /* AFPhotoModel.m in Sources */ = {isa = PBXBuildFile; fileRef = 63CAD91B2430E66800B07803 /* AFPhotoModel.m */; };
/* End PBXBuildFile section */

/* Begin PBXContainerItemProxy section */
		63CAD9092430DE2300B07803 /* PBXContainerItemProxy */ = {
			isa = PBXContainerItemProxy;
			containerPortal = 63CAD8E52430DE2100B07803 /* Project object */;
			proxyType = 1;
			remoteGlobalIDString = 63CAD8EC2430DE2100B07803;
			remoteInfo = ContextualizingContent;
		};
/* End PBXContainerItemProxy section */

/* Begin PBXFileReference section */
		636C403F24330D4E00A050A5 /* AFCollectionHeaderView.h */ = {isa = PBXFileReference; lastKnownFileType = sourcecode.c.h; path = AFCollectionHeaderView.h; sourceTree = "<group>"; };
		636C404024330D4E00A050A5 /* AFCollectionHeaderView.m */ = {isa = PBXFileReference; lastKnownFileType = sourcecode.c.objc; path = AFCollectionHeaderView.m; sourceTree = "<group>"; };
		63CAD8ED2430DE2100B07803 /* ContextualizingContent.app */ = {isa = PBXFileReference; explicitFileType = wrapper.application; includeInIndex = 0; path = ContextualizingContent.app; sourceTree = BUILT_PRODUCTS_DIR; };
		63CAD8F02430DE2100B07803 /* AppDelegate.h */ = {isa = PBXFileReference; lastKnownFileType = sourcecode.c.h; path = AppDelegate.h; sourceTree = "<group>"; };
		63CAD8F12430DE2100B07803 /* AppDelegate.m */ = {isa = PBXFileReference; lastKnownFileType = sourcecode.c.objc; path = AppDelegate.m; sourceTree = "<group>"; };
		63CAD8F32430DE2100B07803 /* SceneDelegate.h */ = {isa = PBXFileReference; lastKnownFileType = sourcecode.c.h; path = SceneDelegate.h; sourceTree = "<group>"; };
		63CAD8F42430DE2100B07803 /* SceneDelegate.m */ = {isa = PBXFileReference; lastKnownFileType = sourcecode.c.objc; path = SceneDelegate.m; sourceTree = "<group>"; };
		63CAD8FA2430DE2100B07803 /* Base */ = {isa = PBXFileReference; lastKnownFileType = file.storyboard; name = Base; path = Base.lproj/Main.storyboard; sourceTree = "<group>"; };
		63CAD8FC2430DE2300B07803 /* Assets.xcassets */ = {isa = PBXFileReference; lastKnownFileType = folder.assetcatalog; path = Assets.xcassets; sourceTree = "<group>"; };
		63CAD8FF2430DE2300B07803 /* Base */ = {isa = PBXFileReference; lastKnownFileType = file.storyboard; name = Base; path = Base.lproj/LaunchScreen.storyboard; sourceTree = "<group>"; };
		63CAD9012430DE2300B07803 /* Info.plist */ = {isa = PBXFileReference; lastKnownFileType = text.plist.xml; path = Info.plist; sourceTree = "<group>"; };
		63CAD9022430DE2300B07803 /* main.m */ = {isa = PBXFileReference; lastKnownFileType = sourcecode.c.objc; path = main.m; sourceTree = "<group>"; };
		63CAD9082430DE2300B07803 /* ContextualizingContentTests.xctest */ = {isa = PBXFileReference; explicitFileType = wrapper.cfbundle; includeInIndex = 0; path = ContextualizingContentTests.xctest; sourceTree = BUILT_PRODUCTS_DIR; };
		63CAD90C2430DE2300B07803 /* ContextualizingContentTests.m */ = {isa = PBXFileReference; lastKnownFileType = sourcecode.c.objc; path = ContextualizingContentTests.m; sourceTree = "<group>"; };
		63CAD90E2430DE2300B07803 /* Info.plist */ = {isa = PBXFileReference; lastKnownFileType = text.plist.xml; path = Info.plist; sourceTree = "<group>"; };
		63CAD9172430DFC600B07803 /* AFCollectionViewController.h */ = {isa = PBXFileReference; lastKnownFileType = sourcecode.c.h; path = AFCollectionViewController.h; sourceTree = "<group>"; };
		63CAD9182430DFC600B07803 /* AFCollectionViewController.m */ = {isa = PBXFileReference; lastKnownFileType = sourcecode.c.objc; path = AFCollectionViewController.m; sourceTree = "<group>"; };
		63CAD91A2430E66800B07803 /* AFPhotoModel.h */ = {isa = PBXFileReference; lastKnownFileType = sourcecode.c.h; path = AFPhotoModel.h; sourceTree = "<group>"; };
		63CAD91B2430E66800B07803 /* AFPhotoModel.m */ = {isa = PBXFileReference; lastKnownFileType = sourcecode.c.objc; path = AFPhotoModel.m; sourceTree = "<group>"; };
/* End PBXFileReference section */

/* Begin PBXFrameworksBuildPhase section */
		63CAD8EA2430DE2100B07803 /* Frameworks */ = {
			isa = PBXFrameworksBuildPhase;
			buildActionMask = 2147483647;
			files = (
			);
			runOnlyForDeploymentPostprocessing = 0;
		};
		63CAD9052430DE2300B07803 /* Frameworks */ = {
			isa = PBXFrameworksBuildPhase;
			buildActionMask = 2147483647;
			files = (
			);
			runOnlyForDeploymentPostprocessing = 0;
		};
/* End PBXFrameworksBuildPhase section */

/* Begin PBXGroup section */
		63CAD8E42430DE2100B07803 = {
			isa = PBXGroup;
			children = (
				63CAD8EF2430DE2100B07803 /* ContextualizingContent */,
				63CAD90B2430DE2300B07803 /* ContextualizingContentTests */,
				63CAD8EE2430DE2100B07803 /* Products */,
			);
			sourceTree = "<group>";
		};
		63CAD8EE2430DE2100B07803 /* Products */ = {
			isa = PBXGroup;
			children = (
				63CAD8ED2430DE2100B07803 /* ContextualizingContent.app */,
				63CAD9082430DE2300B07803 /* ContextualizingContentTests.xctest */,
			);
			name = Products;
			sourceTree = "<group>";
		};
		63CAD8EF2430DE2100B07803 /* ContextualizingContent */ = {
			isa = PBXGroup;
			children = (
				63CAD8F02430DE2100B07803 /* AppDelegate.h */,
				63CAD8F12430DE2100B07803 /* AppDelegate.m */,
				63CAD8F32430DE2100B07803 /* SceneDelegate.h */,
				63CAD8F42430DE2100B07803 /* SceneDelegate.m */,
				63CAD9172430DFC600B07803 /* AFCollectionViewController.h */,
				63CAD9182430DFC600B07803 /* AFCollectionViewController.m */,
				63CAD91A2430E66800B07803 /* AFPhotoModel.h */,
				63CAD91B2430E66800B07803 /* AFPhotoModel.m */,
				636C403F24330D4E00A050A5 /* AFCollectionHeaderView.h */,
				636C404024330D4E00A050A5 /* AFCollectionHeaderView.m */,
				63CAD8F92430DE2100B07803 /* Main.storyboard */,
				63CAD8FC2430DE2300B07803 /* Assets.xcassets */,
				63CAD8FE2430DE2300B07803 /* LaunchScreen.storyboard */,
				63CAD9012430DE2300B07803 /* Info.plist */,
				63CAD9022430DE2300B07803 /* main.m */,
			);
			path = ContextualizingContent;
			sourceTree = "<group>";
		};
		63CAD90B2430DE2300B07803 /* ContextualizingContentTests */ = {
			isa = PBXGroup;
			children = (
				63CAD90C2430DE2300B07803 /* ContextualizingContentTests.m */,
				63CAD90E2430DE2300B07803 /* Info.plist */,
			);
			path = ContextualizingContentTests;
			sourceTree = "<group>";
		};
/* End PBXGroup section */

/* Begin PBXNativeTarget section */
		63CAD8EC2430DE2100B07803 /* ContextualizingContent */ = {
			isa = PBXNativeTarget;
			buildConfigurationList = 63CAD9112430DE2300B07803 /* Build configuration list for PBXNativeTarget "ContextualizingContent" */;
			buildPhases = (
				63CAD8E92430DE2100B07803 /* Sources */,
				63CAD8EA2430DE2100B07803 /* Frameworks */,
				63CAD8EB2430DE2100B07803 /* Resources */,
			);
			buildRules = (
			);
			dependencies = (
			);
			name = ContextualizingContent;
			productName = ContextualizingContent;
			productReference = 63CAD8ED2430DE2100B07803 /* ContextualizingContent.app */;
			productType = "com.apple.product-type.application";
		};
		63CAD9072430DE2300B07803 /* ContextualizingContentTests */ = {
			isa = PBXNativeTarget;
			buildConfigurationList = 63CAD9142430DE2300B07803 /* Build configuration list for PBXNativeTarget "ContextualizingContentTests" */;
			buildPhases = (
				63CAD9042430DE2300B07803 /* Sources */,
				63CAD9052430DE2300B07803 /* Frameworks */,
				63CAD9062430DE2300B07803 /* Resources */,
			);
			buildRules = (
			);
			dependencies = (
				63CAD90A2430DE2300B07803 /* PBXTargetDependency */,
			);
			name = ContextualizingContentTests;
			productName = ContextualizingContentTests;
			productReference = 63CAD9082430DE2300B07803 /* ContextualizingContentTests.xctest */;
			productType = "com.apple.product-type.bundle.unit-test";
		};
/* End PBXNativeTarget section */

/* Begin PBXProject section */
		63CAD8E52430DE2100B07803 /* Project object */ = {
			isa = PBXProject;
			attributes = {
				LastUpgradeCheck = 1140;
				ORGANIZATIONNAME = "何平";
				TargetAttributes = {
					63CAD8EC2430DE2100B07803 = {
						CreatedOnToolsVersion = 11.4;
					};
					63CAD9072430DE2300B07803 = {
						CreatedOnToolsVersion = 11.4;
						TestTargetID = 63CAD8EC2430DE2100B07803;
					};
				};
			};
			buildConfigurationList = 63CAD8E82430DE2100B07803 /* Build configuration list for PBXProject "ContextualizingContent" */;
			compatibilityVersion = "Xcode 9.3";
			developmentRegion = en;
			hasScannedForEncodings = 0;
			knownRegions = (
				en,
				Base,
			);
			mainGroup = 63CAD8E42430DE2100B07803;
			productRefGroup = 63CAD8EE2430DE2100B07803 /* Products */;
			projectDirPath = "";
			projectRoot = "";
			targets = (
				63CAD8EC2430DE2100B07803 /* ContextualizingContent */,
				63CAD9072430DE2300B07803 /* ContextualizingContentTests */,
			);
		};
/* End PBXProject section */

/* Begin PBXResourcesBuildPhase section */
		63CAD8EB2430DE2100B07803 /* Resources */ = {
			isa = PBXResourcesBuildPhase;
			buildActionMask = 2147483647;
			files = (
				63CAD9002430DE2300B07803 /* LaunchScreen.storyboard in Resources */,
				63CAD8FD2430DE2300B07803 /* Assets.xcassets in Resources */,
				63CAD8FB2430DE2100B07803 /* Main.storyboard in Resources */,
			);
			runOnlyForDeploymentPostprocessing = 0;
		};
		63CAD9062430DE2300B07803 /* Resources */ = {
			isa = PBXResourcesBuildPhase;
			buildActionMask = 2147483647;
			files = (
			);
			runOnlyForDeploymentPostprocessing = 0;
		};
/* End PBXResourcesBuildPhase section */

/* Begin PBXSourcesBuildPhase section */
		63CAD8E92430DE2100B07803 /* Sources */ = {
			isa = PBXSourcesBuildPhase;
			buildActionMask = 2147483647;
			files = (
				63CAD8F22430DE2100B07803 /* AppDelegate.m in Sources */,
				63CAD9032430DE2300B07803 /* main.m in Sources */,
				63CAD9192430DFC600B07803 /* AFCollectionViewController.m in Sources */,
				63CAD91C2430E66800B07803 /* AFPhotoModel.m in Sources */,
				636C404124330D4E00A050A5 /* AFCollectionHeaderView.m in Sources */,
				63CAD8F52430DE2100B07803 /* SceneDelegate.m in Sources */,
			);
			runOnlyForDeploymentPostprocessing = 0;
		};
		63CAD9042430DE2300B07803 /* Sources */ = {
			isa = PBXSourcesBuildPhase;
			buildActionMask = 2147483647;
			files = (
				63CAD90D2430DE2300B07803 /* ContextualizingContentTests.m in Sources */,
			);
			runOnlyForDeploymentPostprocessing = 0;
		};
/* End PBXSourcesBuildPhase section */

/* Begin PBXTargetDependency section */
		63CAD90A2430DE2300B07803 /* PBXTargetDependency */ = {
			isa = PBXTargetDependency;
			target = 63CAD8EC2430DE2100B07803 /* ContextualizingContent */;
			targetProxy = 63CAD9092430DE2300B07803 /* PBXContainerItemProxy */;
		};
/* End PBXTargetDependency section */

/* Begin PBXVariantGroup section */
		63CAD8F92430DE2100B07803 /* Main.storyboard */ = {
			isa = PBXVariantGroup;
			children = (
				63CAD8FA2430DE2100B07803 /* Base */,
			);
			name = Main.storyboard;
			sourceTree = "<group>";
		};
		63CAD8FE2430DE2300B07803 /* LaunchScreen.storyboard */ = {
			isa = PBXVariantGroup;
			children = (
				63CAD8FF2430DE2300B07803 /* Base */,
			);
			name = LaunchScreen.storyboard;
			sourceTree = "<group>";
		};
/* End PBXVariantGroup section */

/* Begin XCBuildConfiguration section */
		63CAD90F2430DE2300B07803 /* Debug */ = {
			isa = XCBuildConfiguration;
			buildSettings = {
				ALWAYS_SEARCH_USER_PATHS = NO;
				CLANG_ANALYZER_NONNULL = YES;
				CLANG_ANALYZER_NUMBER_OBJECT_CONVERSION = YES_AGGRESSIVE;
				CLANG_CXX_LANGUAGE_STANDARD = "gnu++14";
				CLANG_CXX_LIBRARY = "libc++";
				CLANG_ENABLE_MODULES = YES;
				CLANG_ENABLE_OBJC_ARC = YES;
				CLANG_ENABLE_OBJC_WEAK = YES;
				CLANG_WARN_BLOCK_CAPTURE_AUTORELEASING = YES;
				CLANG_WARN_BOOL_CONVERSION = YES;
				CLANG_WARN_COMMA = YES;
				CLANG_WARN_CONSTANT_CONVERSION = YES;
				CLANG_WARN_DEPRECATED_OBJC_IMPLEMENTATIONS = YES;
				CLANG_WARN_DIRECT_OBJC_ISA_USAGE = YES_ERROR;
				CLANG_WARN_DOCUMENTATION_COMMENTS = YES;
				CLANG_WARN_EMPTY_BODY = YES;
				CLANG_WARN_ENUM_CONVERSION = YES;
				CLANG_WARN_INFINITE_RECURSION = YES;
				CLANG_WARN_INT_CONVERSION = YES;
				CLANG_WARN_NON_LITERAL_NULL_CONVERSION = YES;
				CLANG_WARN_OBJC_IMPLICIT_RETAIN_SELF = YES;
				CLANG_WARN_OBJC_LITERAL_CONVERSION = YES;
				CLANG_WARN_OBJC_ROOT_CLASS = YES_ERROR;
				CLANG_WARN_RANGE_LOOP_ANALYSIS = YES;
				CLANG_WARN_STRICT_PROTOTYPES = YES;
				CLANG_WARN_SUSPICIOUS_MOVE = YES;
				CLANG_WARN_UNGUARDED_AVAILABILITY = YES_AGGRESSIVE;
				CLANG_WARN_UNREACHABLE_CODE = YES;
				CLANG_WARN__DUPLICATE_METHOD_MATCH = YES;
				COPY_PHASE_STRIP = NO;
				DEBUG_INFORMATION_FORMAT = dwarf;
				ENABLE_STRICT_OBJC_MSGSEND = YES;
				ENABLE_TESTABILITY = YES;
				GCC_C_LANGUAGE_STANDARD = gnu11;
				GCC_DYNAMIC_NO_PIC = NO;
				GCC_NO_COMMON_BLOCKS = YES;
				GCC_OPTIMIZATION_LEVEL = 0;
				GCC_PREPROCESSOR_DEFINITIONS = (
					"DEBUG=1",
					"$(inherited)",
				);
				GCC_WARN_64_TO_32_BIT_CONVERSION = YES;
				GCC_WARN_ABOUT_RETURN_TYPE = YES_ERROR;
				GCC_WARN_UNDECLARED_SELECTOR = YES;
				GCC_WARN_UNINITIALIZED_AUTOS = YES_AGGRESSIVE;
				GCC_WARN_UNUSED_FUNCTION = YES;
				GCC_WARN_UNUSED_VARIABLE = YES;
				IPHONEOS_DEPLOYMENT_TARGET = 8.0;
				MTL_ENABLE_DEBUG_INFO = INCLUDE_SOURCE;
				MTL_FAST_MATH = YES;
				ONLY_ACTIVE_ARCH = YES;
				SDKROOT = iphoneos;
			};
			name = Debug;
		};
		63CAD9102430DE2300B07803 /* Release */ = {
			isa = XCBuildConfiguration;
			buildSettings = {
				ALWAYS_SEARCH_USER_PATHS = NO;
				CLANG_ANALYZER_NONNULL = YES;
				CLANG_ANALYZER_NUMBER_OBJECT_CONVERSION = YES_AGGRESSIVE;
				CLANG_CXX_LANGUAGE_STANDARD = "gnu++14";
				CLANG_CXX_LIBRARY = "libc++";
				CLANG_ENABLE_MODULES = YES;
				CLANG_ENABLE_OBJC_ARC = YES;
				CLANG_ENABLE_OBJC_WEAK = YES;
				CLANG_WARN_BLOCK_CAPTURE_AUTORELEASING = YES;
				CLANG_WARN_BOOL_CONVERSION = YES;
				CLANG_WARN_COMMA = YES;
				CLANG_WARN_CONSTANT_CONVERSION = YES;
				CLANG_WARN_DEPRECATED_OBJC_IMPLEMENTATIONS = YES;
				CLANG_WARN_DIRECT_OBJC_ISA_USAGE = YES_ERROR;
				CLANG_WARN_DOCUMENTATION_COMMENTS = YES;
				CLANG_WARN_EMPTY_BODY = YES;
				CLANG_WARN_ENUM_CONVERSION = YES;
				CLANG_WARN_INFINITE_RECURSION = YES;
				CLANG_WARN_INT_CONVERSION = YES;
				CLANG_WARN_NON_LITERAL_NULL_CONVERSION = YES;
				CLANG_WARN_OBJC_IMPLICIT_RETAIN_SELF = YES;
				CLANG_WARN_OBJC_LITERAL_CONVERSION = YES;
				CLANG_WARN_OBJC_ROOT_CLASS = YES_ERROR;
				CLANG_WARN_RANGE_LOOP_ANALYSIS = YES;
				CLANG_WARN_STRICT_PROTOTYPES = YES;
				CLANG_WARN_SUSPICIOUS_MOVE = YES;
				CLANG_WARN_UNGUARDED_AVAILABILITY = YES_AGGRESSIVE;
				CLANG_WARN_UNREACHABLE_CODE = YES;
				CLANG_WARN__DUPLICATE_METHOD_MATCH = YES;
				COPY_PHASE_STRIP = NO;
				DEBUG_INFORMATION_FORMAT = "dwarf-with-dsym";
				ENABLE_NS_ASSERTIONS = NO;
				ENABLE_STRICT_OBJC_MSGSEND = YES;
				GCC_C_LANGUAGE_STANDARD = gnu11;
				GCC_NO_COMMON_BLOCKS = YES;
				GCC_WARN_64_TO_32_BIT_CONVERSION = YES;
				GCC_WARN_ABOUT_RETURN_TYPE = YES_ERROR;
				GCC_WARN_UNDECLARED_SELECTOR = YES;
				GCC_WARN_UNINITIALIZED_AUTOS = YES_AGGRESSIVE;
				GCC_WARN_UNUSED_FUNCTION = YES;
				GCC_WARN_UNUSED_VARIABLE = YES;
				IPHONEOS_DEPLOYMENT_TARGET = 8.0;
				MTL_ENABLE_DEBUG_INFO = NO;
				MTL_FAST_MATH = YES;
				SDKROOT = iphoneos;
				VALIDATE_PRODUCT = YES;
			};
			name = Release;
		};
		63CAD9122430DE2300B07803 /* Debug */ = {
			isa = XCBuildConfiguration;
			buildSettings = {
				ASSETCATALOG_COMPILER_APPICON_NAME = AppIcon;
				CODE_SIGN_STYLE = Automatic;
				DEVELOPMENT_TEAM = Z86DT6Z4G7;
				INFOPLIST_FILE = ContextualizingContent/Info.plist;
				LD_RUNPATH_SEARCH_PATHS = (
					"$(inherited)",
					"@executable_path/Frameworks",
				);
				PRODUCT_BUNDLE_IDENTIFIER = "com.neal-marlin.ContextualizingContent";
				PRODUCT_NAME = "$(TARGET_NAME)";
				TARGETED_DEVICE_FAMILY = "1,2";
			};
			name = Debug;
		};
		63CAD9132430DE2300B07803 /* Release */ = {
			isa = XCBuildConfiguration;
			buildSettings = {
				ASSETCATALOG_COMPILER_APPICON_NAME = AppIcon;
				CODE_SIGN_STYLE = Automatic;
				DEVELOPMENT_TEAM = Z86DT6Z4G7;
				INFOPLIST_FILE = ContextualizingContent/Info.plist;
				LD_RUNPATH_SEARCH_PATHS = (
					"$(inherited)",
					"@executable_path/Frameworks",
				);
				PRODUCT_BUNDLE_IDENTIFIER = "com.neal-marlin.ContextualizingContent";
				PRODUCT_NAME = "$(TARGET_NAME)";
				TARGETED_DEVICE_FAMILY = "1,2";
			};
			name = Release;
		};
		63CAD9152430DE2300B07803 /* Debug */ = {
			isa = XCBuildConfiguration;
			buildSettings = {
				BUNDLE_LOADER = "$(TEST_HOST)";
				CODE_SIGN_STYLE = Automatic;
				DEVELOPMENT_TEAM = Z86DT6Z4G7;
				INFOPLIST_FILE = ContextualizingContentTests/Info.plist;
				IPHONEOS_DEPLOYMENT_TARGET = 13.4;
				LD_RUNPATH_SEARCH_PATHS = (
					"$(inherited)",
					"@executable_path/Frameworks",
					"@loader_path/Frameworks",
				);
				PRODUCT_BUNDLE_IDENTIFIER = "com.neal-marlin.ContextualizingContentTests";
				PRODUCT_NAME = "$(TARGET_NAME)";
				TARGETED_DEVICE_FAMILY = "1,2";
				TEST_HOST = "$(BUILT_PRODUCTS_DIR)/ContextualizingContent.app/ContextualizingContent";
			};
			name = Debug;
		};
		63CAD9162430DE2300B07803 /* Release */ = {
			isa = XCBuildConfiguration;
			buildSettings = {
				BUNDLE_LOADER = "$(TEST_HOST)";
				CODE_SIGN_STYLE = Automatic;
				DEVELOPMENT_TEAM = Z86DT6Z4G7;
				INFOPLIST_FILE = ContextualizingContentTests/Info.plist;
				IPHONEOS_DEPLOYMENT_TARGET = 13.4;
				LD_RUNPATH_SEARCH_PATHS = (
					"$(inherited)",
					"@executable_path/Frameworks",
					"@loader_path/Frameworks",
				);
				PRODUCT_BUNDLE_IDENTIFIER = "com.neal-marlin.ContextualizingContentTests";
				PRODUCT_NAME = "$(TARGET_NAME)";
				TARGETED_DEVICE_FAMILY = "1,2";
				TEST_HOST = "$(BUILT_PRODUCTS_DIR)/ContextualizingContent.app/ContextualizingContent";
			};
			name = Release;
		};
/* End XCBuildConfiguration section */

/* Begin XCConfigurationList section */
		63CAD8E82430DE2100B07803 /* Build configuration list for PBXProject "ContextualizingContent" */ = {
			isa = XCConfigurationList;
			buildConfigurations = (
				63CAD90F2430DE2300B07803 /* Debug */,
				63CAD9102430DE2300B07803 /* Release */,
			);
			defaultConfigurationIsVisible = 0;
			defaultConfigurationName = Release;
		};
		63CAD9112430DE2300B07803 /* Build configuration list for PBXNativeTarget "ContextualizingContent" */ = {
			isa = XCConfigurationList;
			buildConfigurations = (
				63CAD9122430DE2300B07803 /* Debug */,
				63CAD9132430DE2300B07803 /* Release */,
			);
			defaultConfigurationIsVisible = 0;
			defaultConfigurationName = Release;
		};
		63CAD9142430DE2300B07803 /* Build configuration list for PBXNativeTarget "ContextualizingContentTests" */ = {
			isa = XCConfigurationList;
			buildConfigurations = (
				63CAD9152430DE2300B07803 /* Debug */,
				63CAD9162430DE2300B07803 /* Release */,
			);
			defaultConfigurationIsVisible = 0;
			defaultConfigurationName = Release;
		};
/* End XCConfigurationList section */
	};
	rootObject = 63CAD8E52430DE2100B07803 /* Project object */;
}
